
Microsoft Visual Studio Solution File, Format Version 12.00
# Visual Studio Version 16
VisualStudioVersion = 16.0.30709.132
MinimumVisualStudioVersion = 10.0.40219.1
Project("{9A19103F-16F7-4668-BE54-9A1E7A4F7556}") = "Wallpaper", "Wallpaper\Wallpaper.csproj", "{86644B67-D8A5-4196-9753-A1B2E57BBC02}"
EndProject
Project("{9A19103F-16F7-4668-BE54-9A1E7A4F7556}") = "HtmlToImage", "HtmlToImage\HtmlToImage.csproj", "{5F9BF3BC-654A-471F-A1D9-B5AE8CF96B31}"
EndProject
Global
	GlobalSection(SolutionConfigurationPlatforms) = preSolution
		Debug|Any CPU = Debug|Any CPU
		Release|Any CPU = Release|Any CPU
	EndGlobalSection
	GlobalSection(ProjectConfigurationPlatforms) = postSolution
		{86644B67-D8A5-4196-9753-A1B2E57BBC02}.Debug|Any CPU.ActiveCfg = Release|Any CPU
		{86644B67-D8A5-4196-9753-A1B2E57BBC02}.Debug|Any CPU.Build.0 = Release|Any CPU
		{86644B67-D8A5-4196-9753-A1B2E57BBC02}.Release|Any CPU.ActiveCfg = Release|Any CPU
		{86644B67-D8A5-4196-9753-A1B2E57BBC02}.Release|Any CPU.Build.0 = Release|Any CPU
		{5F9BF3BC-654A-471F-A1D9-B5AE8CF96B31}.Debug|Any CPU.ActiveCfg = Release|Any CPU
		{5F9BF3BC-654A-471F-A1D9-B5AE8CF96B31}.Debug|Any CPU.Build.0 = Release|Any CPU
		{5F9BF3BC-654A-471F-A1D9-B5AE8CF96B31}.Release|Any CPU.ActiveCfg = Release|Any CPU
		{5F9BF3BC-654A-471F-A1D9-B5AE8CF96B31}.Release|Any CPU.Build.0 = Release|Any CPU
	EndGlobalSection
	GlobalSection(SolutionProperties) = preSolution
		HideSolutionNode = FALSE
	EndGlobalSection
	GlobalSection(ExtensibilityGlobals) = postSolution
		SolutionGuid = {77669AA7-D195-4834-9824-CDB5C681F02C}
	EndGlobalSection
EndGlobal
